// !$*UTF8*$!
{
	archiveVersion = 1;
	classes = {
	};
	objectVersion = 50;
	objects = {

/* Begin PBXBuildFile section */
		064A0D6F256671E400E6C758 /* AppDelegate.m in Sources */ = {isa = PBXBuildFile; fileRef = 064A0D6E256671E400E6C758 /* AppDelegate.m */; };
		064A0D72256671E400E6C758 /* SceneDelegate.m in Sources */ = {isa = PBXBuildFile; fileRef = 064A0D71256671E400E6C758 /* SceneDelegate.m */; };
		064A0D75256671E400E6C758 /* ViewController.m in Sources */ = {isa = PBXBuildFile; fileRef = 064A0D74256671E400E6C758 /* ViewController.m */; };
		064A0D78256671E400E6C758 /* Main.storyboard in Resources */ = {isa = PBXBuildFile; fileRef = 064A0D76256671E400E6C758 /* Main.storyboard */; };
		064A0D7A256671E500E6C758 /* Assets.xcassets in Resources */ = {isa = PBXBuildFile; fileRef = 064A0D79256671E500E6C758 /* Assets.xcassets */; };
		064A0D7D256671E500E6C758 /* LaunchScreen.storyboard in Resources */ = {isa = PBXBuildFile; fileRef = 064A0D7B256671E500E6C758 /* LaunchScreen.storyboard */; };
		064A0D80256671E500E6C758 /* main.m in Sources */ = {isa = PBXBuildFile; fileRef = 064A0D7F256671E500E6C758 /* main.m */; };
		064A0D8A256671E500E6C758 /* TTSPTests.m in Sources */ = {isa = PBXBuildFile; fileRef = 064A0D89256671E500E6C758 /* TTSPTests.m */; };
		064A0D95256671E500E6C758 /* TTSPUITests.m in Sources */ = {isa = PBXBuildFile; fileRef = 064A0D94256671E500E6C758 /* TTSPUITests.m */; };
		064A0DA425667BF900E6C758 /* YYSViewController.m in Sources */ = {isa = PBXBuildFile; fileRef = 064A0DA325667BF900E6C758 /* YYSViewController.m */; };
		064A0DB02567548800E6C758 /* HSMobile+Test1.m in Sources */ = {isa = PBXBuildFile; fileRef = 064A0DA72567548800E6C758 /* HSMobile+Test1.m */; };
		064A0DB12567548800E6C758 /* RuntimeObject.m in Sources */ = {isa = PBXBuildFile; fileRef = 064A0DA82567548800E6C758 /* RuntimeObject.m */; };
		064A0DB22567548800E6C758 /* HSMobile.m in Sources */ = {isa = PBXBuildFile; fileRef = 064A0DAB2567548800E6C758 /* HSMobile.m */; };
		064A0DB32567548800E6C758 /* HSPhone.m in Sources */ = {isa = PBXBuildFile; fileRef = 064A0DAE2567548800E6C758 /* HSPhone.m */; };
/* End PBXBuildFile section */

/* Begin PBXContainerItemProxy section */
		064A0D86256671E500E6C758 /* PBXContainerItemProxy */ = {
			isa = PBXContainerItemProxy;
			containerPortal = 064A0D62256671E400E6C758 /* Project object */;
			proxyType = 1;
			remoteGlobalIDString = 064A0D69256671E400E6C758;
			remoteInfo = TTSP;
		};
		064A0D91256671E500E6C758 /* PBXContainerItemProxy */ = {
			isa = PBXContainerItemProxy;
			containerPortal = 064A0D62256671E400E6C758 /* Project object */;
			proxyType = 1;
			remoteGlobalIDString = 064A0D69256671E400E6C758;
			remoteInfo = TTSP;
		};
/* End PBXContainerItemProxy section */

/* Begin PBXFileReference section */
		064A0D6A256671E400E6C758 /* TTSP.app */ = {isa = PBXFileReference; explicitFileType = wrapper.application; includeInIndex = 0; path = TTSP.app; sourceTree = BUILT_PRODUCTS_DIR; };
		064A0D6D256671E400E6C758 /* AppDelegate.h */ = {isa = PBXFileReference; lastKnownFileType = sourcecode.c.h; path = AppDelegate.h; sourceTree = "<group>"; };
		064A0D6E256671E400E6C758 /* AppDelegate.m */ = {isa = PBXFileReference; lastKnownFileType = sourcecode.c.objc; path = AppDelegate.m; sourceTree = "<group>"; };
		064A0D70256671E400E6C758 /* SceneDelegate.h */ = {isa = PBXFileReference; lastKnownFileType = sourcecode.c.h; path = SceneDelegate.h; sourceTree = "<group>"; };
		064A0D71256671E400E6C758 /* SceneDelegate.m */ = {isa = PBXFileReference; lastKnownFileType = sourcecode.c.objc; path = SceneDelegate.m; sourceTree = "<group>"; };
		064A0D73256671E400E6C758 /* ViewController.h */ = {isa = PBXFileReference; lastKnownFileType = sourcecode.c.h; path = ViewController.h; sourceTree = "<group>"; };
		064A0D74256671E400E6C758 /* ViewController.m */ = {isa = PBXFileReference; lastKnownFileType = sourcecode.c.objc; path = ViewController.m; sourceTree = "<group>"; };
		064A0D77256671E400E6C758 /* Base */ = {isa = PBXFileReference; lastKnownFileType = file.storyboard; name = Base; path = Base.lproj/Main.storyboard; sourceTree = "<group>"; };
		064A0D79256671E500E6C758 /* Assets.xcassets */ = {isa = PBXFileReference; lastKnownFileType = folder.assetcatalog; path = Assets.xcassets; sourceTree = "<group>"; };
		064A0D7C256671E500E6C758 /* Base */ = {isa = PBXFileReference; lastKnownFileType = file.storyboard; name = Base; path = Base.lproj/LaunchScreen.storyboard; sourceTree = "<group>"; };
		064A0D7E256671E500E6C758 /* Info.plist */ = {isa = PBXFileReference; lastKnownFileType = text.plist.xml; path = Info.plist; sourceTree = "<group>"; };
		064A0D7F256671E500E6C758 /* main.m */ = {isa = PBXFileReference; lastKnownFileType = sourcecode.c.objc; path = main.m; sourceTree = "<group>"; };
		064A0D85256671E500E6C758 /* TTSPTests.xctest */ = {isa = PBXFileReference; explicitFileType = wrapper.cfbundle; includeInIndex = 0; path = TTSPTests.xctest; sourceTree = BUILT_PRODUCTS_DIR; };
		064A0D89256671E500E6C758 /* TTSPTests.m */ = {isa = PBXFileReference; lastKnownFileType = sourcecode.c.objc; path = TTSPTests.m; sourceTree = "<group>"; };
		064A0D8B256671E500E6C758 /* Info.plist */ = {isa = PBXFileReference; lastKnownFileType = text.plist.xml; path = Info.plist; sourceTree = "<group>"; };
		064A0D90256671E500E6C758 /* TTSPUITests.xctest */ = {isa = PBXFileReference; explicitFileType = wrapper.cfbundle; includeInIndex = 0; path = TTSPUITests.xctest; sourceTree = BUILT_PRODUCTS_DIR; };
		064A0D94256671E500E6C758 /* TTSPUITests.m */ = {isa = PBXFileReference; lastKnownFileType = sourcecode.c.objc; path = TTSPUITests.m; sourceTree = "<group>"; };
		064A0D96256671E500E6C758 /* Info.plist */ = {isa = PBXFileReference; lastKnownFileType = text.plist.xml; path = Info.plist; sourceTree = "<group>"; };
		064A0DA225667BF900E6C758 /* YYSViewController.h */ = {isa = PBXFileReference; lastKnownFileType = sourcecode.c.h; path = YYSViewController.h; sourceTree = "<group>"; };
		064A0DA325667BF900E6C758 /* YYSViewController.m */ = {isa = PBXFileReference; lastKnownFileType = sourcecode.c.objc; path = YYSViewController.m; sourceTree = "<group>"; };
		064A0DA62567548800E6C758 /* HSMobile.h */ = {isa = PBXFileReference; fileEncoding = 4; lastKnownFileType = sourcecode.c.h; path = HSMobile.h; sourceTree = "<group>"; };
		064A0DA72567548800E6C758 /* HSMobile+Test1.m */ = {isa = PBXFileReference; fileEncoding = 4; lastKnownFileType = sourcecode.c.objc; path = "HSMobile+Test1.m"; sourceTree = "<group>"; };
		064A0DA82567548800E6C758 /* RuntimeObject.m */ = {isa = PBXFileReference; fileEncoding = 4; lastKnownFileType = sourcecode.c.objc; path = RuntimeObject.m; sourceTree = "<group>"; };
		064A0DAA2567548800E6C758 /* HSPhone.h */ = {isa = PBXFileReference; fileEncoding = 4; lastKnownFileType = sourcecode.c.h; path = HSPhone.h; sourceTree = "<group>"; };
		064A0DAB2567548800E6C758 /* HSMobile.m */ = {isa = PBXFileReference; fileEncoding = 4; lastKnownFileType = sourcecode.c.objc; path = HSMobile.m; sourceTree = "<group>"; };
		064A0DAC2567548800E6C758 /* HSMobile+Test1.h */ = {isa = PBXFileReference; fileEncoding = 4; lastKnownFileType = sourcecode.c.h; path = "HSMobile+Test1.h"; sourceTree = "<group>"; };
		064A0DAD2567548800E6C758 /* RuntimeObject.h */ = {isa = PBXFileReference; fileEncoding = 4; lastKnownFileType = sourcecode.c.h; path = RuntimeObject.h; sourceTree = "<group>"; };
		064A0DAE2567548800E6C758 /* HSPhone.m */ = {isa = PBXFileReference; fileEncoding = 4; lastKnownFileType = sourcecode.c.objc; path = HSPhone.m; sourceTree = "<group>"; };
/* End PBXFileReference section */

/* Begin PBXFrameworksBuildPhase section */
		064A0D67256671E400E6C758 /* Frameworks */ = {
			isa = PBXFrameworksBuildPhase;
			buildActionMask = 2147483647;
			files = (
			);
			runOnlyForDeploymentPostprocessing = 0;
		};
		064A0D82256671E500E6C758 /* Frameworks */ = {
			isa = PBXFrameworksBuildPhase;
			buildActionMask = 2147483647;
			files = (
			);
			runOnlyForDeploymentPostprocessing = 0;
		};
		064A0D8D256671E500E6C758 /* Frameworks */ = {
			isa = PBXFrameworksBuildPhase;
			buildActionMask = 2147483647;
			files = (
			);
			runOnlyForDeploymentPostprocessing = 0;
		};
/* End PBXFrameworksBuildPhase section */

/* Begin PBXGroup section */
		064A0D61256671E400E6C758 = {
			isa = PBXGroup;
			children = (
				064A0D6C256671E400E6C758 /* TTSP */,
				064A0D88256671E500E6C758 /* TTSPTests */,
				064A0D93256671E500E6C758 /* TTSPUITests */,
				064A0D6B256671E400E6C758 /* Products */,
			);
			sourceTree = "<group>";
		};
		064A0D6B256671E400E6C758 /* Products */ = {
			isa = PBXGroup;
			children = (
				064A0D6A256671E400E6C758 /* TTSP.app */,
				064A0D85256671E500E6C758 /* TTSPTests.xctest */,
				064A0D90256671E500E6C758 /* TTSPUITests.xctest */,
			);
			name = Products;
			sourceTree = "<group>";
		};
		064A0D6C256671E400E6C758 /* TTSP */ = {
			isa = PBXGroup;
			children = (
				064A0DA52567548800E6C758 /* Runtime */,
				064A0D6D256671E400E6C758 /* AppDelegate.h */,
				064A0D6E256671E400E6C758 /* AppDelegate.m */,
				064A0D70256671E400E6C758 /* SceneDelegate.h */,
				064A0D71256671E400E6C758 /* SceneDelegate.m */,
				064A0D73256671E400E6C758 /* ViewController.h */,
				064A0D74256671E400E6C758 /* ViewController.m */,
				064A0DA225667BF900E6C758 /* YYSViewController.h */,
				064A0DA325667BF900E6C758 /* YYSViewController.m */,
				064A0D76256671E400E6C758 /* Main.storyboard */,
				064A0D79256671E500E6C758 /* Assets.xcassets */,
				064A0D7B256671E500E6C758 /* LaunchScreen.storyboard */,
				064A0D7E256671E500E6C758 /* Info.plist */,
				064A0D7F256671E500E6C758 /* main.m */,
			);
			path = TTSP;
			sourceTree = "<group>";
		};
		064A0D88256671E500E6C758 /* TTSPTests */ = {
			isa = PBXGroup;
			children = (
				064A0D89256671E500E6C758 /* TTSPTests.m */,
				064A0D8B256671E500E6C758 /* Info.plist */,
			);
			path = TTSPTests;
			sourceTree = "<group>";
		};
		064A0D93256671E500E6C758 /* TTSPUITests */ = {
			isa = PBXGroup;
			children = (
				064A0D94256671E500E6C758 /* TTSPUITests.m */,
				064A0D96256671E500E6C758 /* Info.plist */,
			);
			path = TTSPUITests;
			sourceTree = "<group>";
		};
		064A0DA52567548800E6C758 /* Runtime */ = {
			isa = PBXGroup;
			children = (
				064A0DA62567548800E6C758 /* HSMobile.h */,
				064A0DA72567548800E6C758 /* HSMobile+Test1.m */,
				064A0DA82567548800E6C758 /* RuntimeObject.m */,
				064A0DAA2567548800E6C758 /* HSPhone.h */,
				064A0DAB2567548800E6C758 /* HSMobile.m */,
				064A0DAC2567548800E6C758 /* HSMobile+Test1.h */,
				064A0DAD2567548800E6C758 /* RuntimeObject.h */,
				064A0DAE2567548800E6C758 /* HSPhone.m */,
			);
			path = Runtime;
			sourceTree = "<group>";
		};
/* End PBXGroup section */

/* Begin PBXNativeTarget section */
		064A0D69256671E400E6C758 /* TTSP */ = {
			isa = PBXNativeTarget;
			buildConfigurationList = 064A0D99256671E500E6C758 /* Build configuration list for PBXNativeTarget "TTSP" */;
			buildPhases = (
				064A0D66256671E400E6C758 /* Sources */,
				064A0D67256671E400E6C758 /* Frameworks */,
				064A0D68256671E400E6C758 /* Resources */,
			);
			buildRules = (
			);
			dependencies = (
			);
			name = TTSP;
			productName = TTSP;
			productReference = 064A0D6A256671E400E6C758 /* TTSP.app */;
			productType = "com.apple.product-type.application";
		};
		064A0D84256671E500E6C758 /* TTSPTests */ = {
			isa = PBXNativeTarget;
			buildConfigurationList = 064A0D9C256671E500E6C758 /* Build configuration list for PBXNativeTarget "TTSPTests" */;
			buildPhases = (
				064A0D81256671E500E6C758 /* Sources */,
				064A0D82256671E500E6C758 /* Frameworks */,
				064A0D83256671E500E6C758 /* Resources */,
			);
			buildRules = (
			);
			dependencies = (
				064A0D87256671E500E6C758 /* PBXTargetDependency */,
			);
			name = TTSPTests;
			productName = TTSPTests;
			productReference = 064A0D85256671E500E6C758 /* TTSPTests.xctest */;
			productType = "com.apple.product-type.bundle.unit-test";
		};
		064A0D8F256671E500E6C758 /* TTSPUITests */ = {
			isa = PBXNativeTarget;
			buildConfigurationList = 064A0D9F256671E500E6C758 /* Build configuration list for PBXNativeTarget "TTSPUITests" */;
			buildPhases = (
				064A0D8C256671E500E6C758 /* Sources */,
				064A0D8D256671E500E6C758 /* Frameworks */,
				064A0D8E256671E500E6C758 /* Resources */,
			);
			buildRules = (
			);
			dependencies = (
				064A0D92256671E500E6C758 /* PBXTargetDependency */,
			);
			name = TTSPUITests;
			productName = TTSPUITests;
			productReference = 064A0D90256671E500E6C758 /* TTSPUITests.xctest */;
			productType = "com.apple.product-type.bundle.ui-testing";
		};
/* End PBXNativeTarget section */

/* Begin PBXProject section */
		064A0D62256671E400E6C758 /* Project object */ = {
			isa = PBXProject;
			attributes = {
				LastUpgradeCheck = 1160;
				ORGANIZATIONNAME = whs;
				TargetAttributes = {
					064A0D69256671E400E6C758 = {
						CreatedOnToolsVersion = 11.6;
					};
					064A0D84256671E500E6C758 = {
						CreatedOnToolsVersion = 11.6;
						TestTargetID = 064A0D69256671E400E6C758;
					};
					064A0D8F256671E500E6C758 = {
						CreatedOnToolsVersion = 11.6;
						TestTargetID = 064A0D69256671E400E6C758;
					};
				};
			};
			buildConfigurationList = 064A0D65256671E400E6C758 /* Build configuration list for PBXProject "TTSP" */;
			compatibilityVersion = "Xcode 9.3";
			developmentRegion = en;
			hasScannedForEncodings = 0;
			knownRegions = (
				en,
				Base,
			);
			mainGroup = 064A0D61256671E400E6C758;
			productRefGroup = 064A0D6B256671E400E6C758 /* Products */;
			projectDirPath = "";
			projectRoot = "";
			targets = (
				064A0D69256671E400E6C758 /* TTSP */,
				064A0D84256671E500E6C758 /* TTSPTests */,
				064A0D8F256671E500E6C758 /* TTSPUITests */,
			);
		};
/* End PBXProject section */

/* Begin PBXResourcesBuildPhase section */
		064A0D68256671E400E6C758 /* Resources */ = {
			isa = PBXResourcesBuildPhase;
			buildActionMask = 2147483647;
			files = (
				064A0D7D256671E500E6C758 /* LaunchScreen.storyboard in Resources */,
				064A0D7A256671E500E6C758 /* Assets.xcassets in Resources */,
				064A0D78256671E400E6C758 /* Main.storyboard in Resources */,
			);
			runOnlyForDeploymentPostprocessing = 0;
		};
		064A0D83256671E500E6C758 /* Resources */ = {
			isa = PBXResourcesBuildPhase;
			buildActionMask = 2147483647;
			files = (
			);
			runOnlyForDeploymentPostprocessing = 0;
		};
		064A0D8E256671E500E6C758 /* Resources */ = {
			isa = PBXResourcesBuildPhase;
			buildActionMask = 2147483647;
			files = (
			);
			runOnlyForDeploymentPostprocessing = 0;
		};
/* End PBXResourcesBuildPhase section */

/* Begin PBXSourcesBuildPhase section */
		064A0D66256671E400E6C758 /* Sources */ = {
			isa = PBXSourcesBuildPhase;
			buildActionMask = 2147483647;
			files = (
				064A0DB22567548800E6C758 /* HSMobile.m in Sources */,
				064A0D75256671E400E6C758 /* ViewController.m in Sources */,
				064A0D6F256671E400E6C758 /* AppDelegate.m in Sources */,
				064A0DA425667BF900E6C758 /* YYSViewController.m in Sources */,
				064A0D80256671E500E6C758 /* main.m in Sources */,
				064A0DB02567548800E6C758 /* HSMobile+Test1.m in Sources */,
				064A0DB32567548800E6C758 /* HSPhone.m in Sources */,
				064A0DB12567548800E6C758 /* RuntimeObject.m in Sources */,
				064A0D72256671E400E6C758 /* SceneDelegate.m in Sources */,
			);
			runOnlyForDeploymentPostprocessing = 0;
		};
		064A0D81256671E500E6C758 /* Sources */ = {
			isa = PBXSourcesBuildPhase;
			buildActionMask = 2147483647;
			files = (
				064A0D8A256671E500E6C758 /* TTSPTests.m in Sources */,
			);
			runOnlyForDeploymentPostprocessing = 0;
		};
		064A0D8C256671E500E6C758 /* Sources */ = {
			isa = PBXSourcesBuildPhase;
			buildActionMask = 2147483647;
			files = (
				064A0D95256671E500E6C758 /* TTSPUITests.m in Sources */,
			);
			runOnlyForDeploymentPostprocessing = 0;
		};
/* End PBXSourcesBuildPhase section */

/* Begin PBXTargetDependency section */
		064A0D87256671E500E6C758 /* PBXTargetDependency */ = {
			isa = PBXTargetDependency;
			target = 064A0D69256671E400E6C758 /* TTSP */;
			targetProxy = 064A0D86256671E500E6C758 /* PBXContainerItemProxy */;
		};
		064A0D92256671E500E6C758 /* PBXTargetDependency */ = {
			isa = PBXTargetDependency;
			target = 064A0D69256671E400E6C758 /* TTSP */;
			targetProxy = 064A0D91256671E500E6C758 /* PBXContainerItemProxy */;
		};
/* End PBXTargetDependency section */

/* Begin PBXVariantGroup section */
		064A0D76256671E400E6C758 /* Main.storyboard */ = {
			isa = PBXVariantGroup;
			children = (
				064A0D77256671E400E6C758 /* Base */,
			);
			name = Main.storyboard;
			sourceTree = "<group>";
		};
		064A0D7B256671E500E6C758 /* LaunchScreen.storyboard */ = {
			isa = PBXVariantGroup;
			children = (
				064A0D7C256671E500E6C758 /* Base */,
			);
			name = LaunchScreen.storyboard;
			sourceTree = "<group>";
		};
/* End PBXVariantGroup section */

/* Begin XCBuildConfiguration section */
		064A0D97256671E500E6C758 /* Debug */ = {
			isa = XCBuildConfiguration;
			buildSettings = {
				ALWAYS_SEARCH_USER_PATHS = NO;
				CLANG_ANALYZER_NONNULL = YES;
				CLANG_ANALYZER_NUMBER_OBJECT_CONVERSION = YES_AGGRESSIVE;
				CLANG_CXX_LANGUAGE_STANDARD = "gnu++14";
				CLANG_CXX_LIBRARY = "libc++";
				CLANG_ENABLE_MODULES = YES;
				CLANG_ENABLE_OBJC_ARC = YES;
				CLANG_ENABLE_OBJC_WEAK = YES;
				CLANG_WARN_BLOCK_CAPTURE_AUTORELEASING = YES;
				CLANG_WARN_BOOL_CONVERSION = YES;
				CLANG_WARN_COMMA = YES;
				CLANG_WARN_CONSTANT_CONVERSION = YES;
				CLANG_WARN_DEPRECATED_OBJC_IMPLEMENTATIONS = YES;
				CLANG_WARN_DIRECT_OBJC_ISA_USAGE = YES_ERROR;
				CLANG_WARN_DOCUMENTATION_COMMENTS = YES;
				CLANG_WARN_EMPTY_BODY = YES;
				CLANG_WARN_ENUM_CONVERSION = YES;
				CLANG_WARN_INFINITE_RECURSION = YES;
				CLANG_WARN_INT_CONVERSION = YES;
				CLANG_WARN_NON_LITERAL_NULL_CONVERSION = YES;
				CLANG_WARN_OBJC_IMPLICIT_RETAIN_SELF = YES;
				CLANG_WARN_OBJC_LITERAL_CONVERSION = YES;
				CLANG_WARN_OBJC_ROOT_CLASS = YES_ERROR;
				CLANG_WARN_RANGE_LOOP_ANALYSIS = YES;
				CLANG_WARN_STRICT_PROTOTYPES = YES;
				CLANG_WARN_SUSPICIOUS_MOVE = YES;
				CLANG_WARN_UNGUARDED_AVAILABILITY = YES_AGGRESSIVE;
				CLANG_WARN_UNREACHABLE_CODE = YES;
				CLANG_WARN__DUPLICATE_METHOD_MATCH = YES;
				COPY_PHASE_STRIP = NO;
				DEBUG_INFORMATION_FORMAT = dwarf;
				ENABLE_STRICT_OBJC_MSGSEND = YES;
				ENABLE_TESTABILITY = YES;
				GCC_C_LANGUAGE_STANDARD = gnu11;
				GCC_DYNAMIC_NO_PIC = NO;
				GCC_NO_COMMON_BLOCKS = YES;
				GCC_OPTIMIZATION_LEVEL = 0;
				GCC_PREPROCESSOR_DEFINITIONS = (
					"DEBUG=1",
					"$(inherited)",
				);
				GCC_WARN_64_TO_32_BIT_CONVERSION = YES;
				GCC_WARN_ABOUT_RETURN_TYPE = YES_ERROR;
				GCC_WARN_UNDECLARED_SELECTOR = YES;
				GCC_WARN_UNINITIALIZED_AUTOS = YES_AGGRESSIVE;
				GCC_WARN_UNUSED_FUNCTION = YES;
				GCC_WARN_UNUSED_VARIABLE = YES;
				IPHONEOS_DEPLOYMENT_TARGET = 13.6;
				MTL_ENABLE_DEBUG_INFO = INCLUDE_SOURCE;
				MTL_FAST_MATH = YES;
				ONLY_ACTIVE_ARCH = YES;
				SDKROOT = iphoneos;
			};
			name = Debug;
		};
		064A0D98256671E500E6C758 /* Release */ = {
			isa = XCBuildConfiguration;
			buildSettings = {
				ALWAYS_SEARCH_USER_PATHS = NO;
				CLANG_ANALYZER_NONNULL = YES;
				CLANG_ANALYZER_NUMBER_OBJECT_CONVERSION = YES_AGGRESSIVE;
				CLANG_CXX_LANGUAGE_STANDARD = "gnu++14";
				CLANG_CXX_LIBRARY = "libc++";
				CLANG_ENABLE_MODULES = YES;
				CLANG_ENABLE_OBJC_ARC = YES;
				CLANG_ENABLE_OBJC_WEAK = YES;
				CLANG_WARN_BLOCK_CAPTURE_AUTORELEASING = YES;
				CLANG_WARN_BOOL_CONVERSION = YES;
				CLANG_WARN_COMMA = YES;
				CLANG_WARN_CONSTANT_CONVERSION = YES;
				CLANG_WARN_DEPRECATED_OBJC_IMPLEMENTATIONS = YES;
				CLANG_WARN_DIRECT_OBJC_ISA_USAGE = YES_ERROR;
				CLANG_WARN_DOCUMENTATION_COMMENTS = YES;
				CLANG_WARN_EMPTY_BODY = YES;
				CLANG_WARN_ENUM_CONVERSION = YES;
				CLANG_WARN_INFINITE_RECURSION = YES;
				CLANG_WARN_INT_CONVERSION = YES;
				CLANG_WARN_NON_LITERAL_NULL_CONVERSION = YES;
				CLANG_WARN_OBJC_IMPLICIT_RETAIN_SELF = YES;
				CLANG_WARN_OBJC_LITERAL_CONVERSION = YES;
				CLANG_WARN_OBJC_ROOT_CLASS = YES_ERROR;
				CLANG_WARN_RANGE_LOOP_ANALYSIS = YES;
				CLANG_WARN_STRICT_PROTOTYPES = YES;
				CLANG_WARN_SUSPICIOUS_MOVE = YES;
				CLANG_WARN_UNGUARDED_AVAILABILITY = YES_AGGRESSIVE;
				CLANG_WARN_UNREACHABLE_CODE = YES;
				CLANG_WARN__DUPLICATE_METHOD_MATCH = YES;
				COPY_PHASE_STRIP = NO;
				DEBUG_INFORMATION_FORMAT = "dwarf-with-dsym";
				ENABLE_NS_ASSERTIONS = NO;
				ENABLE_STRICT_OBJC_MSGSEND = YES;
				GCC_C_LANGUAGE_STANDARD = gnu11;
				GCC_NO_COMMON_BLOCKS = YES;
				GCC_WARN_64_TO_32_BIT_CONVERSION = YES;
				GCC_WARN_ABOUT_RETURN_TYPE = YES_ERROR;
				GCC_WARN_UNDECLARED_SELECTOR = YES;
				GCC_WARN_UNINITIALIZED_AUTOS = YES_AGGRESSIVE;
				GCC_WARN_UNUSED_FUNCTION = YES;
				GCC_WARN_UNUSED_VARIABLE = YES;
				IPHONEOS_DEPLOYMENT_TARGET = 13.6;
				MTL_ENABLE_DEBUG_INFO = NO;
				MTL_FAST_MATH = YES;
				SDKROOT = iphoneos;
				VALIDATE_PRODUCT = YES;
			};
			name = Release;
		};
		064A0D9A256671E500E6C758 /* Debug */ = {
			isa = XCBuildConfiguration;
			buildSettings = {
				ASSETCATALOG_COMPILER_APPICON_NAME = AppIcon;
				CODE_SIGN_STYLE = Automatic;
				INFOPLIST_FILE = TTSP/Info.plist;
				LD_RUNPATH_SEARCH_PATHS = (
					"$(inherited)",
					"@executable_path/Frameworks",
				);
				PRODUCT_BUNDLE_IDENTIFIER = hongsheng.com.TTSP;
				PRODUCT_NAME = "$(TARGET_NAME)";
				TARGETED_DEVICE_FAMILY = "1,2";
			};
			name = Debug;
		};
		064A0D9B256671E500E6C758 /* Release */ = {
			isa = XCBuildConfiguration;
			buildSettings = {
				ASSETCATALOG_COMPILER_APPICON_NAME = AppIcon;
				CODE_SIGN_STYLE = Automatic;
				INFOPLIST_FILE = TTSP/Info.plist;
				LD_RUNPATH_SEARCH_PATHS = (
					"$(inherited)",
					"@executable_path/Frameworks",
				);
				PRODUCT_BUNDLE_IDENTIFIER = hongsheng.com.TTSP;
				PRODUCT_NAME = "$(TARGET_NAME)";
				TARGETED_DEVICE_FAMILY = "1,2";
			};
			name = Release;
		};
		064A0D9D256671E500E6C758 /* Debug */ = {
			isa = XCBuildConfiguration;
			buildSettings = {
				BUNDLE_LOADER = "$(TEST_HOST)";
				CODE_SIGN_STYLE = Automatic;
				INFOPLIST_FILE = TTSPTests/Info.plist;
				IPHONEOS_DEPLOYMENT_TARGET = 13.6;
				LD_RUNPATH_SEARCH_PATHS = (
					"$(inherited)",
					"@executable_path/Frameworks",
					"@loader_path/Frameworks",
				);
				PRODUCT_BUNDLE_IDENTIFIER = hongsheng.com.TTSPTests;
				PRODUCT_NAME = "$(TARGET_NAME)";
				TARGETED_DEVICE_FAMILY = "1,2";
				TEST_HOST = "$(BUILT_PRODUCTS_DIR)/TTSP.app/TTSP";
			};
			name = Debug;
		};
		064A0D9E256671E500E6C758 /* Release */ = {
			isa = XCBuildConfiguration;
			buildSettings = {
				BUNDLE_LOADER = "$(TEST_HOST)";
				CODE_SIGN_STYLE = Automatic;
				INFOPLIST_FILE = TTSPTests/Info.plist;
				IPHONEOS_DEPLOYMENT_TARGET = 13.6;
				LD_RUNPATH_SEARCH_PATHS = (
					"$(inherited)",
					"@executable_path/Frameworks",
					"@loader_path/Frameworks",
				);
				PRODUCT_BUNDLE_IDENTIFIER = hongsheng.com.TTSPTests;
				PRODUCT_NAME = "$(TARGET_NAME)";
				TARGETED_DEVICE_FAMILY = "1,2";
				TEST_HOST = "$(BUILT_PRODUCTS_DIR)/TTSP.app/TTSP";
			};
			name = Release;
		};
		064A0DA0256671E500E6C758 /* Debug */ = {
			isa = XCBuildConfiguration;
			buildSettings = {
				CODE_SIGN_STYLE = Automatic;
				INFOPLIST_FILE = TTSPUITests/Info.plist;
				LD_RUNPATH_SEARCH_PATHS = (
					"$(inherited)",
					"@executable_path/Frameworks",
					"@loader_path/Frameworks",
				);
				PRODUCT_BUNDLE_IDENTIFIER = hongsheng.com.TTSPUITests;
				PRODUCT_NAME = "$(TARGET_NAME)";
				TARGETED_DEVICE_FAMILY = "1,2";
				TEST_TARGET_NAME = TTSP;
			};
			name = Debug;
		};
		064A0DA1256671E500E6C758 /* Release */ = {
			isa = XCBuildConfiguration;
			buildSettings = {
				CODE_SIGN_STYLE = Automatic;
				INFOPLIST_FILE = TTSPUITests/Info.plist;
				LD_RUNPATH_SEARCH_PATHS = (
					"$(inherited)",
					"@executable_path/Frameworks",
					"@loader_path/Frameworks",
				);
				PRODUCT_BUNDLE_IDENTIFIER = hongsheng.com.TTSPUITests;
				PRODUCT_NAME = "$(TARGET_NAME)";
				TARGETED_DEVICE_FAMILY = "1,2";
				TEST_TARGET_NAME = TTSP;
			};
			name = Release;
		};
/* End XCBuildConfiguration section */

/* Begin XCConfigurationList section */
		064A0D65256671E400E6C758 /* Build configuration list for PBXProject "TTSP" */ = {
			isa = XCConfigurationList;
			buildConfigurations = (
				064A0D97256671E500E6C758 /* Debug */,
				064A0D98256671E500E6C758 /* Release */,
			);
			defaultConfigurationIsVisible = 0;
			defaultConfigurationName = Release;
		};
		064A0D99256671E500E6C758 /* Build configuration list for PBXNativeTarget "TTSP" */ = {
			isa = XCConfigurationList;
			buildConfigurations = (
				064A0D9A256671E500E6C758 /* Debug */,
				064A0D9B256671E500E6C758 /* Release */,
			);
			defaultConfigurationIsVisible = 0;
			defaultConfigurationName = Release;
		};
		064A0D9C256671E500E6C758 /* Build configuration list for PBXNativeTarget "TTSPTests" */ = {
			isa = XCConfigurationList;
			buildConfigurations = (
				064A0D9D256671E500E6C758 /* Debug */,
				064A0D9E256671E500E6C758 /* Release */,
			);
			defaultConfigurationIsVisible = 0;
			defaultConfigurationName = Release;
		};
		064A0D9F256671E500E6C758 /* Build configuration list for PBXNativeTarget "TTSPUITests" */ = {
			isa = XCConfigurationList;
			buildConfigurations = (
				064A0DA0256671E500E6C758 /* Debug */,
				064A0DA1256671E500E6C758 /* Release */,
			);
			defaultConfigurationIsVisible = 0;
			defaultConfigurationName = Release;
		};
/* End XCConfigurationList section */
	};
	rootObject = 064A0D62256671E400E6C758 /* Project object */;
}
